
Microsoft Visual Studio Solution File, Format Version 12.00
# Visual Studio Version 17
VisualStudioVersion = 17.3.32901.215
MinimumVisualStudioVersion = 10.0.40219.1
Project("{9A19103F-16F7-4668-BE54-9A1E7A4F7556}") = "CarDealer.ConsoleApp", "CarDealer.ConsoleApp\CarDealer.ConsoleApp.csproj", "{DFD3ABDF-1660-4895-828B-44945E82EF6C}"
EndProject
Project("{9A19103F-16F7-4668-BE54-9A1E7A4F7556}") = "CarDealer.Services", "CarDealer.Services\CarDealer.Services.csproj", "{DB55DB01-9A73-4F2D-97D2-CBFF87545F98}"
EndProject
Project("{9A19103F-16F7-4668-BE54-9A1E7A4F7556}") = "CarDealer.GrpcProtos", "CarDealer.GrpcProtos\CarDealer.GrpcProtos.csproj", "{67832881-DC7C-42DF-9B90-3AAC75E2DF2B}"
EndProject
Project("{9A19103F-16F7-4668-BE54-9A1E7A4F7556}") = "CarDealer.Contracts", "CarDealer.Contracts\CarDealer.Contracts.csproj", "{DF061F29-1909-4C05-86DD-ED783A49C73B}"
EndProject
Project("{9A19103F-16F7-4668-BE54-9A1E7A4F7556}") = "CarDealer.DataAccess", "CarDealer.DataAccess\CarDealer.DataAccess.csproj", "{81809B7E-C82B-4D38-B534-C981EC0FC83F}"
EndProject
Project("{9A19103F-16F7-4668-BE54-9A1E7A4F7556}") = "CarDealer.Domain", "CarDealer.Domain\CarDealer.Domain.csproj", "{0A4CB7F9-32C3-497F-8EF0-8AD347D7B598}"
EndProject
Project("{9A19103F-16F7-4668-BE54-9A1E7A4F7556}") = "CarDealer.DataAccess.Tests", "CarDealer.DataAccess.Tests\CarDealer.DataAccess.Tests.csproj", "{4C034682-CD8D-4C3D-A374-F16120FA1241}"
EndProject
Project("{FAE04EC0-301F-11D3-BF4B-00C04F79EFBC}") = "CarDealer.Application", "CarDealer.Application\CarDealer.Application.csproj", "{D7BE687B-1057-4E83-B002-0172C0440511}"
EndProject
Global
	GlobalSection(SolutionConfigurationPlatforms) = preSolution
		Debug|Any CPU = Debug|Any CPU
		Release|Any CPU = Release|Any CPU
	EndGlobalSection
	GlobalSection(ProjectConfigurationPlatforms) = postSolution
		{DFD3ABDF-1660-4895-828B-44945E82EF6C}.Debug|Any CPU.ActiveCfg = Debug|Any CPU
		{DFD3ABDF-1660-4895-828B-44945E82EF6C}.Debug|Any CPU.Build.0 = Debug|Any CPU
		{DFD3ABDF-1660-4895-828B-44945E82EF6C}.Release|Any CPU.ActiveCfg = Release|Any CPU
		{DFD3ABDF-1660-4895-828B-44945E82EF6C}.Release|Any CPU.Build.0 = Release|Any CPU
		{DB55DB01-9A73-4F2D-97D2-CBFF87545F98}.Debug|Any CPU.ActiveCfg = Debug|Any CPU
		{DB55DB01-9A73-4F2D-97D2-CBFF87545F98}.Debug|Any CPU.Build.0 = Debug|Any CPU
		{DB55DB01-9A73-4F2D-97D2-CBFF87545F98}.Release|Any CPU.ActiveCfg = Release|Any CPU
		{DB55DB01-9A73-4F2D-97D2-CBFF87545F98}.Release|Any CPU.Build.0 = Release|Any CPU
		{67832881-DC7C-42DF-9B90-3AAC75E2DF2B}.Debug|Any CPU.ActiveCfg = Debug|Any CPU
		{67832881-DC7C-42DF-9B90-3AAC75E2DF2B}.Debug|Any CPU.Build.0 = Debug|Any CPU
		{67832881-DC7C-42DF-9B90-3AAC75E2DF2B}.Release|Any CPU.ActiveCfg = Release|Any CPU
		{67832881-DC7C-42DF-9B90-3AAC75E2DF2B}.Release|Any CPU.Build.0 = Release|Any CPU
		{DF061F29-1909-4C05-86DD-ED783A49C73B}.Debug|Any CPU.ActiveCfg = Debug|Any CPU
		{DF061F29-1909-4C05-86DD-ED783A49C73B}.Debug|Any CPU.Build.0 = Debug|Any CPU
		{DF061F29-1909-4C05-86DD-ED783A49C73B}.Release|Any CPU.ActiveCfg = Release|Any CPU
		{DF061F29-1909-4C05-86DD-ED783A49C73B}.Release|Any CPU.Build.0 = Release|Any CPU
		{81809B7E-C82B-4D38-B534-C981EC0FC83F}.Debug|Any CPU.ActiveCfg = Debug|Any CPU
		{81809B7E-C82B-4D38-B534-C981EC0FC83F}.Debug|Any CPU.Build.0 = Debug|Any CPU
		{81809B7E-C82B-4D38-B534-C981EC0FC83F}.Release|Any CPU.ActiveCfg = Release|Any CPU
		{81809B7E-C82B-4D38-B534-C981EC0FC83F}.Release|Any CPU.Build.0 = Release|Any CPU
		{0A4CB7F9-32C3-497F-8EF0-8AD347D7B598}.Debug|Any CPU.ActiveCfg = Debug|Any CPU
		{0A4CB7F9-32C3-497F-8EF0-8AD347D7B598}.Debug|Any CPU.Build.0 = Debug|Any CPU
		{0A4CB7F9-32C3-497F-8EF0-8AD347D7B598}.Release|Any CPU.ActiveCfg = Release|Any CPU
		{0A4CB7F9-32C3-497F-8EF0-8AD347D7B598}.Release|Any CPU.Build.0 = Release|Any CPU
		{4C034682-CD8D-4C3D-A374-F16120FA1241}.Debug|Any CPU.ActiveCfg = Debug|Any CPU
		{4C034682-CD8D-4C3D-A374-F16120FA1241}.Debug|Any CPU.Build.0 = Debug|Any CPU
		{4C034682-CD8D-4C3D-A374-F16120FA1241}.Release|Any CPU.ActiveCfg = Release|Any CPU
		{4C034682-CD8D-4C3D-A374-F16120FA1241}.Release|Any CPU.Build.0 = Release|Any CPU
		{D7BE687B-1057-4E83-B002-0172C0440511}.Debug|Any CPU.ActiveCfg = Debug|Any CPU
		{D7BE687B-1057-4E83-B002-0172C0440511}.Debug|Any CPU.Build.0 = Debug|Any CPU
		{D7BE687B-1057-4E83-B002-0172C0440511}.Release|Any CPU.ActiveCfg = Release|Any CPU
		{D7BE687B-1057-4E83-B002-0172C0440511}.Release|Any CPU.Build.0 = Release|Any CPU
	EndGlobalSection
	GlobalSection(SolutionProperties) = preSolution
		HideSolutionNode = FALSE
	EndGlobalSection
	GlobalSection(ExtensibilityGlobals) = postSolution
		SolutionGuid = {60242BB7-51B7-48F1-8F3D-E3F8587A38E7}
	EndGlobalSection
EndGlobal
