
Microsoft Visual Studio Solution File, Format Version 12.00
# Visual Studio Version 17
VisualStudioVersion = 17.3.32901.215
MinimumVisualStudioVersion = 10.0.40219.1
Project("{FAE04EC0-301F-11D3-BF4B-00C04F79EFBC}") = "Domain", "Domain\Domain.csproj", "{E541BB11-4D6D-419B-A583-E0250ADCEEA2}"
EndProject
Global
	GlobalSection(SolutionConfigurationPlatforms) = preSolution
		Debug|Any CPU = Debug|Any CPU
		Release|Any CPU = Release|Any CPU
	EndGlobalSection
	GlobalSection(ProjectConfigurationPlatforms) = postSolution
		{E541BB11-4D6D-419B-A583-E0250ADCEEA2}.Debug|Any CPU.ActiveCfg = Debug|Any CPU
		{E541BB11-4D6D-419B-A583-E0250ADCEEA2}.Debug|Any CPU.Build.0 = Debug|Any CPU
		{E541BB11-4D6D-419B-A583-E0250ADCEEA2}.Release|Any CPU.ActiveCfg = Release|Any CPU
		{E541BB11-4D6D-419B-A583-E0250ADCEEA2}.Release|Any CPU.Build.0 = Release|Any CPU
	EndGlobalSection
	GlobalSection(SolutionProperties) = preSolution
		HideSolutionNode = FALSE
	EndGlobalSection
	GlobalSection(ExtensibilityGlobals) = postSolution
		SolutionGuid = {60242BB7-51B7-48F1-8F3D-E3F8587A38E7}
	EndGlobalSection
EndGlobal
