
Microsoft Visual Studio Solution File, Format Version 12.00
# Visual Studio Version 17
VisualStudioVersion = 17.3.32901.215
MinimumVisualStudioVersion = 10.0.40219.1
Project("{9A19103F-16F7-4668-BE54-9A1E7A4F7556}") = "CarDealer.Domain", "CarDealer.Domain\CarDealer.Domain.csproj", "{A75FF26C-A119-4C79-9863-415485ABA4B9}"
EndProject
Project("{9A19103F-16F7-4668-BE54-9A1E7A4F7556}") = "CarDealer.DataAccess", "CarDealer.DataAccess\CarDealer.DataAccess.csproj", "{DC6F4C67-BA7B-44F3-A7AA-51B1C7C26BE4}"
EndProject
Project("{9A19103F-16F7-4668-BE54-9A1E7A4F7556}") = "CarDealer.ConsoleApp", "CarDealer.ConsoleApp\CarDealer.ConsoleApp.csproj", "{DFD3ABDF-1660-4895-828B-44945E82EF6C}"
EndProject
Project("{FAE04EC0-301F-11D3-BF4B-00C04F79EFBC}") = "CarDealer.Contracts", "CarDealer.Contracts\CarDealer.Contracts.csproj", "{7C19755A-D960-4C8A-8EC3-250FC759463B}"
EndProject
Global
	GlobalSection(SolutionConfigurationPlatforms) = preSolution
		Debug|Any CPU = Debug|Any CPU
		Release|Any CPU = Release|Any CPU
	EndGlobalSection
	GlobalSection(ProjectConfigurationPlatforms) = postSolution
		{A75FF26C-A119-4C79-9863-415485ABA4B9}.Debug|Any CPU.ActiveCfg = Debug|Any CPU
		{A75FF26C-A119-4C79-9863-415485ABA4B9}.Debug|Any CPU.Build.0 = Debug|Any CPU
		{A75FF26C-A119-4C79-9863-415485ABA4B9}.Release|Any CPU.ActiveCfg = Release|Any CPU
		{A75FF26C-A119-4C79-9863-415485ABA4B9}.Release|Any CPU.Build.0 = Release|Any CPU
		{DC6F4C67-BA7B-44F3-A7AA-51B1C7C26BE4}.Debug|Any CPU.ActiveCfg = Debug|Any CPU
		{DC6F4C67-BA7B-44F3-A7AA-51B1C7C26BE4}.Debug|Any CPU.Build.0 = Debug|Any CPU
		{DC6F4C67-BA7B-44F3-A7AA-51B1C7C26BE4}.Release|Any CPU.ActiveCfg = Release|Any CPU
		{DC6F4C67-BA7B-44F3-A7AA-51B1C7C26BE4}.Release|Any CPU.Build.0 = Release|Any CPU
		{DFD3ABDF-1660-4895-828B-44945E82EF6C}.Debug|Any CPU.ActiveCfg = Debug|Any CPU
		{DFD3ABDF-1660-4895-828B-44945E82EF6C}.Debug|Any CPU.Build.0 = Debug|Any CPU
		{DFD3ABDF-1660-4895-828B-44945E82EF6C}.Release|Any CPU.ActiveCfg = Release|Any CPU
		{DFD3ABDF-1660-4895-828B-44945E82EF6C}.Release|Any CPU.Build.0 = Release|Any CPU
		{7C19755A-D960-4C8A-8EC3-250FC759463B}.Debug|Any CPU.ActiveCfg = Debug|Any CPU
		{7C19755A-D960-4C8A-8EC3-250FC759463B}.Debug|Any CPU.Build.0 = Debug|Any CPU
		{7C19755A-D960-4C8A-8EC3-250FC759463B}.Release|Any CPU.ActiveCfg = Release|Any CPU
		{7C19755A-D960-4C8A-8EC3-250FC759463B}.Release|Any CPU.Build.0 = Release|Any CPU
	EndGlobalSection
	GlobalSection(SolutionProperties) = preSolution
		HideSolutionNode = FALSE
	EndGlobalSection
	GlobalSection(ExtensibilityGlobals) = postSolution
		SolutionGuid = {60242BB7-51B7-48F1-8F3D-E3F8587A38E7}
	EndGlobalSection
EndGlobal
